
Microsoft Visual Studio Solution File, Format Version 12.00
# Visual Studio Version 17
VisualStudioVersion = 17.6.33723.286
MinimumVisualStudioVersion = 10.0.40219.1
Project("{FAE04EC0-301F-11D3-BF4B-00C04F79EFBC}") = "SortVsOrderby", "SortVsOrderby.csproj", "{882FBD8A-7CA9-4307-84B5-D4FF34625202}"
EndProject
Global
	GlobalSection(SolutionConfigurationPlatforms) = preSolution
		Debug|Any CPU = Debug|Any CPU
		Release|Any CPU = Release|Any CPU
	EndGlobalSection
	GlobalSection(ProjectConfigurationPlatforms) = postSolution
		{882FBD8A-7CA9-4307-84B5-D4FF34625202}.Debug|Any CPU.ActiveCfg = Debug|Any CPU
		{882FBD8A-7CA9-4307-84B5-D4FF34625202}.Debug|Any CPU.Build.0 = Debug|Any CPU
		{882FBD8A-7CA9-4307-84B5-D4FF34625202}.Release|Any CPU.ActiveCfg = Release|Any CPU
		{882FBD8A-7CA9-4307-84B5-D4FF34625202}.Release|Any CPU.Build.0 = Release|Any CPU
	EndGlobalSection
	GlobalSection(SolutionProperties) = preSolution
		HideSolutionNode = FALSE
	EndGlobalSection
	GlobalSection(ExtensibilityGlobals) = postSolution
		SolutionGuid = {C72BE64B-4C60-48DF-A69F-3B72764F0AC9}
	EndGlobalSection
EndGlobal
